// !$*UTF8*$!
{
	archiveVersion = 1;
	classes = {
	};
	objectVersion = 50;
	objects = {

/* Begin PBXBuildFile section */
		1F4C33D42685A5CA0050D498 /* AsyncOperation.swift in Sources */ = {isa = PBXBuildFile; fileRef = 1F4C33D32685A5CA0050D498 /* AsyncOperation.swift */; };
		1F4E29072684665F0003C1CA /* API.swift in Sources */ = {isa = PBXBuildFile; fileRef = 1F4E29062684665F0003C1CA /* API.swift */; };
		1F4E2909268466730003C1CA /* NetworkService.swift in Sources */ = {isa = PBXBuildFile; fileRef = 1F4E2908268466730003C1CA /* NetworkService.swift */; };
		1F4E290B268466810003C1CA /* NetworkDataFetcher.swift in Sources */ = {isa = PBXBuildFile; fileRef = 1F4E290A268466810003C1CA /* NetworkDataFetcher.swift */; };
		1F4E290E268466D60003C1CA /* Album.swift in Sources */ = {isa = PBXBuildFile; fileRef = 1F4E290D268466D60003C1CA /* Album.swift */; };
		1F4E2915268467920003C1CA /* CardViewController.swift in Sources */ = {isa = PBXBuildFile; fileRef = 1F4E2914268467920003C1CA /* CardViewController.swift */; };
		1F62A9E226847D2A0080E949 /* AlbumListTableViewController.swift in Sources */ = {isa = PBXBuildFile; fileRef = 1F62A9E126847D2A0080E949 /* AlbumListTableViewController.swift */; };
		1F62A9E526847D570080E949 /* TrackTableViewCell.swift in Sources */ = {isa = PBXBuildFile; fileRef = 1F62A9E326847D570080E949 /* TrackTableViewCell.swift */; };
		1F62A9E626847D570080E949 /* TrackTableViewCell.xib in Resources */ = {isa = PBXBuildFile; fileRef = 1F62A9E426847D570080E949 /* TrackTableViewCell.xib */; };
		1F720BBB2684A55F00D337DA /* AlbumListPresenter.swift in Sources */ = {isa = PBXBuildFile; fileRef = 1F720BBA2684A55F00D337DA /* AlbumListPresenter.swift */; };
		1F720BBD2684A56F00D337DA /* AlbomListConfigurator.swift in Sources */ = {isa = PBXBuildFile; fileRef = 1F720BBC2684A56F00D337DA /* AlbomListConfigurator.swift */; };
		1F720BBF2684A57E00D337DA /* AlbumListRouter.swift in Sources */ = {isa = PBXBuildFile; fileRef = 1F720BBE2684A57E00D337DA /* AlbumListRouter.swift */; };
		1F720BC32685173200D337DA /* PhotoOperations.swift in Sources */ = {isa = PBXBuildFile; fileRef = 1F720BC22685173200D337DA /* PhotoOperations.swift */; };
		1F9A35ED2683AA780035D6A1 /* AppDelegate.swift in Sources */ = {isa = PBXBuildFile; fileRef = 1F9A35EC2683AA780035D6A1 /* AppDelegate.swift */; };
		1F9A35EF2683AA780035D6A1 /* SceneDelegate.swift in Sources */ = {isa = PBXBuildFile; fileRef = 1F9A35EE2683AA780035D6A1 /* SceneDelegate.swift */; };
		1F9A35F42683AA780035D6A1 /* Main.storyboard in Resources */ = {isa = PBXBuildFile; fileRef = 1F9A35F22683AA780035D6A1 /* Main.storyboard */; };
		1F9A35F62683AA7B0035D6A1 /* Assets.xcassets in Resources */ = {isa = PBXBuildFile; fileRef = 1F9A35F52683AA7B0035D6A1 /* Assets.xcassets */; };
		1F9A35F92683AA7B0035D6A1 /* LaunchScreen.storyboard in Resources */ = {isa = PBXBuildFile; fileRef = 1F9A35F72683AA7B0035D6A1 /* LaunchScreen.storyboard */; };
/* End PBXBuildFile section */

/* Begin PBXFileReference section */
		1F4C33D32685A5CA0050D498 /* AsyncOperation.swift */ = {isa = PBXFileReference; fileEncoding = 4; lastKnownFileType = sourcecode.swift; path = AsyncOperation.swift; sourceTree = "<group>"; };
		1F4E29062684665F0003C1CA /* API.swift */ = {isa = PBXFileReference; lastKnownFileType = sourcecode.swift; path = API.swift; sourceTree = "<group>"; };
		1F4E2908268466730003C1CA /* NetworkService.swift */ = {isa = PBXFileReference; lastKnownFileType = sourcecode.swift; path = NetworkService.swift; sourceTree = "<group>"; };
		1F4E290A268466810003C1CA /* NetworkDataFetcher.swift */ = {isa = PBXFileReference; lastKnownFileType = sourcecode.swift; path = NetworkDataFetcher.swift; sourceTree = "<group>"; };
		1F4E290D268466D60003C1CA /* Album.swift */ = {isa = PBXFileReference; lastKnownFileType = sourcecode.swift; path = Album.swift; sourceTree = "<group>"; };
		1F4E2914268467920003C1CA /* CardViewController.swift */ = {isa = PBXFileReference; lastKnownFileType = sourcecode.swift; path = CardViewController.swift; sourceTree = "<group>"; };
		1F62A9E126847D2A0080E949 /* AlbumListTableViewController.swift */ = {isa = PBXFileReference; lastKnownFileType = sourcecode.swift; path = AlbumListTableViewController.swift; sourceTree = "<group>"; };
		1F62A9E326847D570080E949 /* TrackTableViewCell.swift */ = {isa = PBXFileReference; lastKnownFileType = sourcecode.swift; path = TrackTableViewCell.swift; sourceTree = "<group>"; };
		1F62A9E426847D570080E949 /* TrackTableViewCell.xib */ = {isa = PBXFileReference; lastKnownFileType = file.xib; path = TrackTableViewCell.xib; sourceTree = "<group>"; };
		1F720BBA2684A55F00D337DA /* AlbumListPresenter.swift */ = {isa = PBXFileReference; lastKnownFileType = sourcecode.swift; path = AlbumListPresenter.swift; sourceTree = "<group>"; };
		1F720BBC2684A56F00D337DA /* AlbomListConfigurator.swift */ = {isa = PBXFileReference; lastKnownFileType = sourcecode.swift; path = AlbomListConfigurator.swift; sourceTree = "<group>"; };
		1F720BBE2684A57E00D337DA /* AlbumListRouter.swift */ = {isa = PBXFileReference; lastKnownFileType = sourcecode.swift; path = AlbumListRouter.swift; sourceTree = "<group>"; };
		1F720BC22685173200D337DA /* PhotoOperations.swift */ = {isa = PBXFileReference; fileEncoding = 4; lastKnownFileType = sourcecode.swift; path = PhotoOperations.swift; sourceTree = "<group>"; };
		1F9A35E92683AA780035D6A1 /* MobiMusic.app */ = {isa = PBXFileReference; explicitFileType = wrapper.application; includeInIndex = 0; path = MobiMusic.app; sourceTree = BUILT_PRODUCTS_DIR; };
		1F9A35EC2683AA780035D6A1 /* AppDelegate.swift */ = {isa = PBXFileReference; lastKnownFileType = sourcecode.swift; path = AppDelegate.swift; sourceTree = "<group>"; };
		1F9A35EE2683AA780035D6A1 /* SceneDelegate.swift */ = {isa = PBXFileReference; lastKnownFileType = sourcecode.swift; path = SceneDelegate.swift; sourceTree = "<group>"; };
		1F9A35F32683AA780035D6A1 /* Base */ = {isa = PBXFileReference; lastKnownFileType = file.storyboard; name = Base; path = Base.lproj/Main.storyboard; sourceTree = "<group>"; };
		1F9A35F52683AA7B0035D6A1 /* Assets.xcassets */ = {isa = PBXFileReference; lastKnownFileType = folder.assetcatalog; path = Assets.xcassets; sourceTree = "<group>"; };
		1F9A35F82683AA7B0035D6A1 /* Base */ = {isa = PBXFileReference; lastKnownFileType = file.storyboard; name = Base; path = Base.lproj/LaunchScreen.storyboard; sourceTree = "<group>"; };
		1F9A35FA2683AA7B0035D6A1 /* Info.plist */ = {isa = PBXFileReference; lastKnownFileType = text.plist.xml; path = Info.plist; sourceTree = "<group>"; };
/* End PBXFileReference section */

/* Begin PBXFrameworksBuildPhase section */
		1F9A35E62683AA780035D6A1 /* Frameworks */ = {
			isa = PBXFrameworksBuildPhase;
			buildActionMask = 2147483647;
			files = (
			);
			runOnlyForDeploymentPostprocessing = 0;
		};
/* End PBXFrameworksBuildPhase section */

/* Begin PBXGroup section */
		1F4E2905268466480003C1CA /* Services */ = {
			isa = PBXGroup;
			children = (
				1F4E29062684665F0003C1CA /* API.swift */,
				1F4E2908268466730003C1CA /* NetworkService.swift */,
				1F4E290A268466810003C1CA /* NetworkDataFetcher.swift */,
			);
			path = Services;
			sourceTree = "<group>";
		};
		1F4E290C268466B80003C1CA /* Model */ = {
			isa = PBXGroup;
			children = (
				1F4E290D268466D60003C1CA /* Album.swift */,
			);
			path = Model;
			sourceTree = "<group>";
		};
		1F4E290F268467160003C1CA /* AlbumList */ = {
			isa = PBXGroup;
			children = (
				1F62A9E126847D2A0080E949 /* AlbumListTableViewController.swift */,
				1F720BBA2684A55F00D337DA /* AlbumListPresenter.swift */,
				1F720BBC2684A56F00D337DA /* AlbomListConfigurator.swift */,
				1F720BBE2684A57E00D337DA /* AlbumListRouter.swift */,
			);
			path = AlbumList;
			sourceTree = "<group>";
		};
		1F4E2912268467380003C1CA /* Scene */ = {
			isa = PBXGroup;
			children = (
				1F4C33D32685A5CA0050D498 /* AsyncOperation.swift */,
				1F720BC22685173200D337DA /* PhotoOperations.swift */,
				1F4E290F268467160003C1CA /* AlbumList */,
				1F4E2913268467490003C1CA /* Card */,
			);
			path = Scene;
			sourceTree = "<group>";
		};
		1F4E2913268467490003C1CA /* Card */ = {
			isa = PBXGroup;
			children = (
				1F4E2914268467920003C1CA /* CardViewController.swift */,
			);
			path = Card;
			sourceTree = "<group>";
		};
		1F9A35E02683AA780035D6A1 = {
			isa = PBXGroup;
			children = (
				1F9A35EB2683AA780035D6A1 /* MobiMusic */,
				1F9A35EA2683AA780035D6A1 /* Products */,
			);
			sourceTree = "<group>";
		};
		1F9A35EA2683AA780035D6A1 /* Products */ = {
			isa = PBXGroup;
			children = (
				1F9A35E92683AA780035D6A1 /* MobiMusic.app */,
			);
			name = Products;
			sourceTree = "<group>";
		};
		1F9A35EB2683AA780035D6A1 /* MobiMusic */ = {
			isa = PBXGroup;
			children = (
				1F4E2912268467380003C1CA /* Scene */,
				1F4E290C268466B80003C1CA /* Model */,
				1F4E2905268466480003C1CA /* Services */,
				1F9A35EC2683AA780035D6A1 /* AppDelegate.swift */,
				1F9A35EE2683AA780035D6A1 /* SceneDelegate.swift */,
				1F9A35F22683AA780035D6A1 /* Main.storyboard */,
				1F9A36042683ABBA0035D6A1 /* AlbumCell */,
				1F9A35F52683AA7B0035D6A1 /* Assets.xcassets */,
				1F9A35F72683AA7B0035D6A1 /* LaunchScreen.storyboard */,
				1F9A35FA2683AA7B0035D6A1 /* Info.plist */,
			);
			path = MobiMusic;
			sourceTree = "<group>";
		};
		1F9A36042683ABBA0035D6A1 /* AlbumCell */ = {
			isa = PBXGroup;
			children = (
				1F62A9E326847D570080E949 /* TrackTableViewCell.swift */,
				1F62A9E426847D570080E949 /* TrackTableViewCell.xib */,
			);
			path = AlbumCell;
			sourceTree = "<group>";
		};
/* End PBXGroup section */

/* Begin PBXNativeTarget section */
		1F9A35E82683AA780035D6A1 /* MobiMusic */ = {
			isa = PBXNativeTarget;
			buildConfigurationList = 1F9A35FD2683AA7B0035D6A1 /* Build configuration list for PBXNativeTarget "MobiMusic" */;
			buildPhases = (
				1F9A35E52683AA780035D6A1 /* Sources */,
				1F9A35E62683AA780035D6A1 /* Frameworks */,
				1F9A35E72683AA780035D6A1 /* Resources */,
			);
			buildRules = (
			);
			dependencies = (
			);
			name = MobiMusic;
			productName = MobiMusic;
			productReference = 1F9A35E92683AA780035D6A1 /* MobiMusic.app */;
			productType = "com.apple.product-type.application";
		};
/* End PBXNativeTarget section */

/* Begin PBXProject section */
		1F9A35E12683AA780035D6A1 /* Project object */ = {
			isa = PBXProject;
			attributes = {
				LastSwiftUpdateCheck = 1250;
				LastUpgradeCheck = 1250;
				TargetAttributes = {
					1F9A35E82683AA780035D6A1 = {
						CreatedOnToolsVersion = 12.5;
					};
				};
			};
			buildConfigurationList = 1F9A35E42683AA780035D6A1 /* Build configuration list for PBXProject "MobiMusic" */;
			compatibilityVersion = "Xcode 9.3";
			developmentRegion = en;
			hasScannedForEncodings = 0;
			knownRegions = (
				en,
				Base,
			);
			mainGroup = 1F9A35E02683AA780035D6A1;
			productRefGroup = 1F9A35EA2683AA780035D6A1 /* Products */;
			projectDirPath = "";
			projectRoot = "";
			targets = (
				1F9A35E82683AA780035D6A1 /* MobiMusic */,
			);
		};
/* End PBXProject section */

/* Begin PBXResourcesBuildPhase section */
		1F9A35E72683AA780035D6A1 /* Resources */ = {
			isa = PBXResourcesBuildPhase;
			buildActionMask = 2147483647;
			files = (
				1F9A35F92683AA7B0035D6A1 /* LaunchScreen.storyboard in Resources */,
				1F9A35F62683AA7B0035D6A1 /* Assets.xcassets in Resources */,
				1F9A35F42683AA780035D6A1 /* Main.storyboard in Resources */,
				1F62A9E626847D570080E949 /* TrackTableViewCell.xib in Resources */,
			);
			runOnlyForDeploymentPostprocessing = 0;
		};
/* End PBXResourcesBuildPhase section */

/* Begin PBXSourcesBuildPhase section */
		1F9A35E52683AA780035D6A1 /* Sources */ = {
			isa = PBXSourcesBuildPhase;
			buildActionMask = 2147483647;
			files = (
				1F4E290B268466810003C1CA /* NetworkDataFetcher.swift in Sources */,
				1F9A35ED2683AA780035D6A1 /* AppDelegate.swift in Sources */,
				1F9A35EF2683AA780035D6A1 /* SceneDelegate.swift in Sources */,
				1F4E2915268467920003C1CA /* CardViewController.swift in Sources */,
				1F720BBB2684A55F00D337DA /* AlbumListPresenter.swift in Sources */,
				1F720BC32685173200D337DA /* PhotoOperations.swift in Sources */,
				1F4C33D42685A5CA0050D498 /* AsyncOperation.swift in Sources */,
				1F720BBD2684A56F00D337DA /* AlbomListConfigurator.swift in Sources */,
				1F720BBF2684A57E00D337DA /* AlbumListRouter.swift in Sources */,
				1F62A9E526847D570080E949 /* TrackTableViewCell.swift in Sources */,
				1F4E2909268466730003C1CA /* NetworkService.swift in Sources */,
				1F62A9E226847D2A0080E949 /* AlbumListTableViewController.swift in Sources */,
				1F4E29072684665F0003C1CA /* API.swift in Sources */,
				1F4E290E268466D60003C1CA /* Album.swift in Sources */,
			);
			runOnlyForDeploymentPostprocessing = 0;
		};
/* End PBXSourcesBuildPhase section */

/* Begin PBXVariantGroup section */
		1F9A35F22683AA780035D6A1 /* Main.storyboard */ = {
			isa = PBXVariantGroup;
			children = (
				1F9A35F32683AA780035D6A1 /* Base */,
			);
			name = Main.storyboard;
			sourceTree = "<group>";
		};
		1F9A35F72683AA7B0035D6A1 /* LaunchScreen.storyboard */ = {
			isa = PBXVariantGroup;
			children = (
				1F9A35F82683AA7B0035D6A1 /* Base */,
			);
			name = LaunchScreen.storyboard;
			sourceTree = "<group>";
		};
/* End PBXVariantGroup section */

/* Begin XCBuildConfiguration section */
		1F9A35FB2683AA7B0035D6A1 /* Debug */ = {
			isa = XCBuildConfiguration;
			buildSettings = {
				ALWAYS_SEARCH_USER_PATHS = NO;
				CLANG_ANALYZER_NONNULL = YES;
				CLANG_ANALYZER_NUMBER_OBJECT_CONVERSION = YES_AGGRESSIVE;
				CLANG_CXX_LANGUAGE_STANDARD = "gnu++14";
				CLANG_CXX_LIBRARY = "libc++";
				CLANG_ENABLE_MODULES = YES;
				CLANG_ENABLE_OBJC_ARC = YES;
				CLANG_ENABLE_OBJC_WEAK = YES;
				CLANG_WARN_BLOCK_CAPTURE_AUTORELEASING = YES;
				CLANG_WARN_BOOL_CONVERSION = YES;
				CLANG_WARN_COMMA = YES;
				CLANG_WARN_CONSTANT_CONVERSION = YES;
				CLANG_WARN_DEPRECATED_OBJC_IMPLEMENTATIONS = YES;
				CLANG_WARN_DIRECT_OBJC_ISA_USAGE = YES_ERROR;
				CLANG_WARN_DOCUMENTATION_COMMENTS = YES;
				CLANG_WARN_EMPTY_BODY = YES;
				CLANG_WARN_ENUM_CONVERSION = YES;
				CLANG_WARN_INFINITE_RECURSION = YES;
				CLANG_WARN_INT_CONVERSION = YES;
				CLANG_WARN_NON_LITERAL_NULL_CONVERSION = YES;
				CLANG_WARN_OBJC_IMPLICIT_RETAIN_SELF = YES;
				CLANG_WARN_OBJC_LITERAL_CONVERSION = YES;
				CLANG_WARN_OBJC_ROOT_CLASS = YES_ERROR;
				CLANG_WARN_QUOTED_INCLUDE_IN_FRAMEWORK_HEADER = YES;
				CLANG_WARN_RANGE_LOOP_ANALYSIS = YES;
				CLANG_WARN_STRICT_PROTOTYPES = YES;
				CLANG_WARN_SUSPICIOUS_MOVE = YES;
				CLANG_WARN_UNGUARDED_AVAILABILITY = YES_AGGRESSIVE;
				CLANG_WARN_UNREACHABLE_CODE = YES;
				CLANG_WARN__DUPLICATE_METHOD_MATCH = YES;
				COPY_PHASE_STRIP = NO;
				DEBUG_INFORMATION_FORMAT = dwarf;
				ENABLE_STRICT_OBJC_MSGSEND = YES;
				ENABLE_TESTABILITY = YES;
				GCC_C_LANGUAGE_STANDARD = gnu11;
				GCC_DYNAMIC_NO_PIC = NO;
				GCC_NO_COMMON_BLOCKS = YES;
				GCC_OPTIMIZATION_LEVEL = 0;
				GCC_PREPROCESSOR_DEFINITIONS = (
					"DEBUG=1",
					"$(inherited)",
				);
				GCC_WARN_64_TO_32_BIT_CONVERSION = YES;
				GCC_WARN_ABOUT_RETURN_TYPE = YES_ERROR;
				GCC_WARN_UNDECLARED_SELECTOR = YES;
				GCC_WARN_UNINITIALIZED_AUTOS = YES_AGGRESSIVE;
				GCC_WARN_UNUSED_FUNCTION = YES;
				GCC_WARN_UNUSED_VARIABLE = YES;
				IPHONEOS_DEPLOYMENT_TARGET = 14.5;
				MTL_ENABLE_DEBUG_INFO = INCLUDE_SOURCE;
				MTL_FAST_MATH = YES;
				ONLY_ACTIVE_ARCH = YES;
				SDKROOT = iphoneos;
				SWIFT_ACTIVE_COMPILATION_CONDITIONS = DEBUG;
				SWIFT_OPTIMIZATION_LEVEL = "-Onone";
			};
			name = Debug;
		};
		1F9A35FC2683AA7B0035D6A1 /* Release */ = {
			isa = XCBuildConfiguration;
			buildSettings = {
				ALWAYS_SEARCH_USER_PATHS = NO;
				CLANG_ANALYZER_NONNULL = YES;
				CLANG_ANALYZER_NUMBER_OBJECT_CONVERSION = YES_AGGRESSIVE;
				CLANG_CXX_LANGUAGE_STANDARD = "gnu++14";
				CLANG_CXX_LIBRARY = "libc++";
				CLANG_ENABLE_MODULES = YES;
				CLANG_ENABLE_OBJC_ARC = YES;
				CLANG_ENABLE_OBJC_WEAK = YES;
				CLANG_WARN_BLOCK_CAPTURE_AUTORELEASING = YES;
				CLANG_WARN_BOOL_CONVERSION = YES;
				CLANG_WARN_COMMA = YES;
				CLANG_WARN_CONSTANT_CONVERSION = YES;
				CLANG_WARN_DEPRECATED_OBJC_IMPLEMENTATIONS = YES;
				CLANG_WARN_DIRECT_OBJC_ISA_USAGE = YES_ERROR;
				CLANG_WARN_DOCUMENTATION_COMMENTS = YES;
				CLANG_WARN_EMPTY_BODY = YES;
				CLANG_WARN_ENUM_CONVERSION = YES;
				CLANG_WARN_INFINITE_RECURSION = YES;
				CLANG_WARN_INT_CONVERSION = YES;
				CLANG_WARN_NON_LITERAL_NULL_CONVERSION = YES;
				CLANG_WARN_OBJC_IMPLICIT_RETAIN_SELF = YES;
				CLANG_WARN_OBJC_LITERAL_CONVERSION = YES;
				CLANG_WARN_OBJC_ROOT_CLASS = YES_ERROR;
				CLANG_WARN_QUOTED_INCLUDE_IN_FRAMEWORK_HEADER = YES;
				CLANG_WARN_RANGE_LOOP_ANALYSIS = YES;
				CLANG_WARN_STRICT_PROTOTYPES = YES;
				CLANG_WARN_SUSPICIOUS_MOVE = YES;
				CLANG_WARN_UNGUARDED_AVAILABILITY = YES_AGGRESSIVE;
				CLANG_WARN_UNREACHABLE_CODE = YES;
				CLANG_WARN__DUPLICATE_METHOD_MATCH = YES;
				COPY_PHASE_STRIP = NO;
				DEBUG_INFORMATION_FORMAT = "dwarf-with-dsym";
				ENABLE_NS_ASSERTIONS = NO;
				ENABLE_STRICT_OBJC_MSGSEND = YES;
				GCC_C_LANGUAGE_STANDARD = gnu11;
				GCC_NO_COMMON_BLOCKS = YES;
				GCC_WARN_64_TO_32_BIT_CONVERSION = YES;
				GCC_WARN_ABOUT_RETURN_TYPE = YES_ERROR;
				GCC_WARN_UNDECLARED_SELECTOR = YES;
				GCC_WARN_UNINITIALIZED_AUTOS = YES_AGGRESSIVE;
				GCC_WARN_UNUSED_FUNCTION = YES;
				GCC_WARN_UNUSED_VARIABLE = YES;
				IPHONEOS_DEPLOYMENT_TARGET = 14.5;
				MTL_ENABLE_DEBUG_INFO = NO;
				MTL_FAST_MATH = YES;
				SDKROOT = iphoneos;
				SWIFT_COMPILATION_MODE = wholemodule;
				SWIFT_OPTIMIZATION_LEVEL = "-O";
				VALIDATE_PRODUCT = YES;
			};
			name = Release;
		};
		1F9A35FE2683AA7B0035D6A1 /* Debug */ = {
			isa = XCBuildConfiguration;
			buildSettings = {
				ASSETCATALOG_COMPILER_APPICON_NAME = AppIcon;
				ASSETCATALOG_COMPILER_GLOBAL_ACCENT_COLOR_NAME = AccentColor;
				CODE_SIGN_STYLE = Automatic;
				DEVELOPMENT_TEAM = YR249V2BPM;
				INFOPLIST_FILE = MobiMusic/Info.plist;
				LD_RUNPATH_SEARCH_PATHS = (
					"$(inherited)",
					"@executable_path/Frameworks",
				);
				PRODUCT_BUNDLE_IDENTIFIER = lancelap.MobiMusic;
				PRODUCT_NAME = "$(TARGET_NAME)";
				SWIFT_VERSION = 5.0;
				TARGETED_DEVICE_FAMILY = "1,2";
			};
			name = Debug;
		};
		1F9A35FF2683AA7B0035D6A1 /* Release */ = {
			isa = XCBuildConfiguration;
			buildSettings = {
				ASSETCATALOG_COMPILER_APPICON_NAME = AppIcon;
				ASSETCATALOG_COMPILER_GLOBAL_ACCENT_COLOR_NAME = AccentColor;
				CODE_SIGN_STYLE = Automatic;
				DEVELOPMENT_TEAM = YR249V2BPM;
				INFOPLIST_FILE = MobiMusic/Info.plist;
				LD_RUNPATH_SEARCH_PATHS = (
					"$(inherited)",
					"@executable_path/Frameworks",
				);
				PRODUCT_BUNDLE_IDENTIFIER = lancelap.MobiMusic;
				PRODUCT_NAME = "$(TARGET_NAME)";
				SWIFT_VERSION = 5.0;
				TARGETED_DEVICE_FAMILY = "1,2";
			};
			name = Release;
		};
/* End XCBuildConfiguration section */

/* Begin XCConfigurationList section */
		1F9A35E42683AA780035D6A1 /* Build configuration list for PBXProject "MobiMusic" */ = {
			isa = XCConfigurationList;
			buildConfigurations = (
				1F9A35FB2683AA7B0035D6A1 /* Debug */,
				1F9A35FC2683AA7B0035D6A1 /* Release */,
			);
			defaultConfigurationIsVisible = 0;
			defaultConfigurationName = Release;
		};
		1F9A35FD2683AA7B0035D6A1 /* Build configuration list for PBXNativeTarget "MobiMusic" */ = {
			isa = XCConfigurationList;
			buildConfigurations = (
				1F9A35FE2683AA7B0035D6A1 /* Debug */,
				1F9A35FF2683AA7B0035D6A1 /* Release */,
			);
			defaultConfigurationIsVisible = 0;
			defaultConfigurationName = Release;
		};
/* End XCConfigurationList section */
	};
	rootObject = 1F9A35E12683AA780035D6A1 /* Project object */;
}
